{
	"name": "@nathan-cli-dev/core",
	"version": "1.0.0",
	"lockfileVersion": 1,
	"requires": true,
	"dependencies": {
		"nathan-test": {
			"version": "1.0.3",
			"resolved": "https://registry.npmjs.org/nathan-test/-/nathan-test-1.0.3.tgz",
			"integrity": "sha512-QJ4XkkaGQz0/j2vSy/NHEyO6vNy3PRKLc/FJoP97Mh7VFmVeTPScrC7D47kg8DfyneHauZOjn076eTZEA1ZsjA==",
			"requires": {
				"nathan-test-lib": "^1.0.1"
			}
		},
		"nathan-test-lib": {
			"version": "1.0.1",
			"resolved": "https://registry.npmjs.org/nathan-test-lib/-/nathan-test-lib-1.0.1.tgz",
			"integrity": "sha512-tGNnBqwpdMglJ0wTEcyrAoJAeIrz21BB9EZffNZNw7gU9J3VMOZneIpQhDWHZkKjdtOY7N1qimn4PUe7NqKD2A=="
		}
	}
}
